
Microsoft Visual Studio Solution File, Format Version 12.00
# Visual Studio Version 16
VisualStudioVersion = 16.0.31515.178
MinimumVisualStudioVersion = 10.0.40219.1
Project("{FAE04EC0-301F-11D3-BF4B-00C04F79EFBC}") = "Coaspharma_Pedidos", "Coaspharma_Pedidos\Coaspharma_Pedidos.csproj", "{5F00065A-A148-4174-8007-BEE50219BB85}"
EndProject
Project("{FAE04EC0-301F-11D3-BF4B-00C04F79EFBC}") = "coaspharma.Dal", "E:\repos\coaspharmaTest\coaspharma.Dal\coaspharma.Dal.csproj", "{6CB18FA6-F461-4DD5-A75B-713B444DBB6F}"
EndProject
Global
	GlobalSection(SolutionConfigurationPlatforms) = preSolution
		Debug|Any CPU = Debug|Any CPU
		Release|Any CPU = Release|Any CPU
	EndGlobalSection
	GlobalSection(ProjectConfigurationPlatforms) = postSolution
		{5F00065A-A148-4174-8007-BEE50219BB85}.Debug|Any CPU.ActiveCfg = Debug|Any CPU
		{5F00065A-A148-4174-8007-BEE50219BB85}.Debug|Any CPU.Build.0 = Debug|Any CPU
		{5F00065A-A148-4174-8007-BEE50219BB85}.Release|Any CPU.ActiveCfg = Release|Any CPU
		{5F00065A-A148-4174-8007-BEE50219BB85}.Release|Any CPU.Build.0 = Release|Any CPU
		{6CB18FA6-F461-4DD5-A75B-713B444DBB6F}.Debug|Any CPU.ActiveCfg = Debug|Any CPU
		{6CB18FA6-F461-4DD5-A75B-713B444DBB6F}.Debug|Any CPU.Build.0 = Debug|Any CPU
		{6CB18FA6-F461-4DD5-A75B-713B444DBB6F}.Release|Any CPU.ActiveCfg = Release|Any CPU
		{6CB18FA6-F461-4DD5-A75B-713B444DBB6F}.Release|Any CPU.Build.0 = Release|Any CPU
	EndGlobalSection
	GlobalSection(SolutionProperties) = preSolution
		HideSolutionNode = FALSE
	EndGlobalSection
	GlobalSection(ExtensibilityGlobals) = postSolution
		SolutionGuid = {D076AE7E-36BF-4074-A1DE-BD1E9EF8C3B9}
	EndGlobalSection
EndGlobal
